
Microsoft Visual Studio Solution File, Format Version 12.00
# Visual Studio 15
VisualStudioVersion = 15.0.28010.2019
MinimumVisualStudioVersion = 10.0.40219.1
Project("{FAE04EC0-301F-11D3-BF4B-00C04F79EFBC}") = "MobileClient.Android", "MobileClient\MobileClient.Android\MobileClient.Android.csproj", "{1D397ECC-7930-4FE2-8151-AC0893127E16}"
EndProject
Project("{FAE04EC0-301F-11D3-BF4B-00C04F79EFBC}") = "MobileClient.iOS", "MobileClient\MobileClient.iOS\MobileClient.iOS.csproj", "{FFBFE432-3B01-43D9-972E-888B2B0D0BC3}"
EndProject
Project("{FAE04EC0-301F-11D3-BF4B-00C04F79EFBC}") = "MobileClient.UWP", "MobileClient\MobileClient.UWP\MobileClient.UWP.csproj", "{91745AB9-A3A2-42C6-A00A-7C6918C9B0DC}"
EndProject
Project("{D954291E-2A0B-460D-934E-DC6B0785DB48}") = "MobileClient", "MobileClient\MobileClient\MobileClient.shproj", "{79E78EE6-7E42-4956-A3DF-050E6AECA5D7}"
EndProject
Global
	GlobalSection(SharedMSBuildProjectFiles) = preSolution
		MobileClient\MobileClient\MobileClient.projitems*{1d397ecc-7930-4fe2-8151-ac0893127e16}*SharedItemsImports = 4
		MobileClient\MobileClient\MobileClient.projitems*{79e78ee6-7e42-4956-a3df-050e6aeca5d7}*SharedItemsImports = 13
		MobileClient\MobileClient\MobileClient.projitems*{91745ab9-a3a2-42c6-a00a-7c6918c9b0dc}*SharedItemsImports = 4
		MobileClient\MobileClient\MobileClient.projitems*{ffbfe432-3b01-43d9-972e-888b2b0d0bc3}*SharedItemsImports = 4
	EndGlobalSection
	GlobalSection(SolutionConfigurationPlatforms) = preSolution
		Ad-Hoc|Any CPU = Ad-Hoc|Any CPU
		Ad-Hoc|ARM = Ad-Hoc|ARM
		Ad-Hoc|iPhone = Ad-Hoc|iPhone
		Ad-Hoc|iPhoneSimulator = Ad-Hoc|iPhoneSimulator
		Ad-Hoc|x64 = Ad-Hoc|x64
		Ad-Hoc|x86 = Ad-Hoc|x86
		AppStore|Any CPU = AppStore|Any CPU
		AppStore|ARM = AppStore|ARM
		AppStore|iPhone = AppStore|iPhone
		AppStore|iPhoneSimulator = AppStore|iPhoneSimulator
		AppStore|x64 = AppStore|x64
		AppStore|x86 = AppStore|x86
		Debug|Any CPU = Debug|Any CPU
		Debug|ARM = Debug|ARM
		Debug|iPhone = Debug|iPhone
		Debug|iPhoneSimulator = Debug|iPhoneSimulator
		Debug|x64 = Debug|x64
		Debug|x86 = Debug|x86
		Release|Any CPU = Release|Any CPU
		Release|ARM = Release|ARM
		Release|iPhone = Release|iPhone
		Release|iPhoneSimulator = Release|iPhoneSimulator
		Release|x64 = Release|x64
		Release|x86 = Release|x86
	EndGlobalSection
	GlobalSection(ProjectConfigurationPlatforms) = postSolution
		{1D397ECC-7930-4FE2-8151-AC0893127E16}.Ad-Hoc|Any CPU.ActiveCfg = Release|Any CPU
		{1D397ECC-7930-4FE2-8151-AC0893127E16}.Ad-Hoc|Any CPU.Build.0 = Release|Any CPU
		{1D397ECC-7930-4FE2-8151-AC0893127E16}.Ad-Hoc|Any CPU.Deploy.0 = Release|Any CPU
		{1D397ECC-7930-4FE2-8151-AC0893127E16}.Ad-Hoc|ARM.ActiveCfg = Release|Any CPU
		{1D397ECC-7930-4FE2-8151-AC0893127E16}.Ad-Hoc|ARM.Build.0 = Release|Any CPU
		{1D397ECC-7930-4FE2-8151-AC0893127E16}.Ad-Hoc|ARM.Deploy.0 = Release|Any CPU
		{1D397ECC-7930-4FE2-8151-AC0893127E16}.Ad-Hoc|iPhone.ActiveCfg = Release|Any CPU
		{1D397ECC-7930-4FE2-8151-AC0893127E16}.Ad-Hoc|iPhone.Build.0 = Release|Any CPU
		{1D397ECC-7930-4FE2-8151-AC0893127E16}.Ad-Hoc|iPhone.Deploy.0 = Release|Any CPU
		{1D397ECC-7930-4FE2-8151-AC0893127E16}.Ad-Hoc|iPhoneSimulator.ActiveCfg = Release|Any CPU
		{1D397ECC-7930-4FE2-8151-AC0893127E16}.Ad-Hoc|iPhoneSimulator.Build.0 = Release|Any CPU
		{1D397ECC-7930-4FE2-8151-AC0893127E16}.Ad-Hoc|iPhoneSimulator.Deploy.0 = Release|Any CPU
		{1D397ECC-7930-4FE2-8151-AC0893127E16}.Ad-Hoc|x64.ActiveCfg = Release|Any CPU
		{1D397ECC-7930-4FE2-8151-AC0893127E16}.Ad-Hoc|x64.Build.0 = Release|Any CPU
		{1D397ECC-7930-4FE2-8151-AC0893127E16}.Ad-Hoc|x64.Deploy.0 = Release|Any CPU
		{1D397ECC-7930-4FE2-8151-AC0893127E16}.Ad-Hoc|x86.ActiveCfg = Release|Any CPU
		{1D397ECC-7930-4FE2-8151-AC0893127E16}.Ad-Hoc|x86.Build.0 = Release|Any CPU
		{1D397ECC-7930-4FE2-8151-AC0893127E16}.Ad-Hoc|x86.Deploy.0 = Release|Any CPU
		{1D397ECC-7930-4FE2-8151-AC0893127E16}.AppStore|Any CPU.ActiveCfg = Release|Any CPU
		{1D397ECC-7930-4FE2-8151-AC0893127E16}.AppStore|Any CPU.Build.0 = Release|Any CPU
		{1D397ECC-7930-4FE2-8151-AC0893127E16}.AppStore|Any CPU.Deploy.0 = Release|Any CPU
		{1D397ECC-7930-4FE2-8151-AC0893127E16}.AppStore|ARM.ActiveCfg = Release|Any CPU
		{1D397ECC-7930-4FE2-8151-AC0893127E16}.AppStore|ARM.Build.0 = Release|Any CPU
		{1D397ECC-7930-4FE2-8151-AC0893127E16}.AppStore|ARM.Deploy.0 = Release|Any CPU
		{1D397ECC-7930-4FE2-8151-AC0893127E16}.AppStore|iPhone.ActiveCfg = Release|Any CPU
		{1D397ECC-7930-4FE2-8151-AC0893127E16}.AppStore|iPhone.Build.0 = Release|Any CPU
		{1D397ECC-7930-4FE2-8151-AC0893127E16}.AppStore|iPhone.Deploy.0 = Release|Any CPU
		{1D397ECC-7930-4FE2-8151-AC0893127E16}.AppStore|iPhoneSimulator.ActiveCfg = Release|Any CPU
		{1D397ECC-7930-4FE2-8151-AC0893127E16}.AppStore|iPhoneSimulator.Build.0 = Release|Any CPU
		{1D397ECC-7930-4FE2-8151-AC0893127E16}.AppStore|iPhoneSimulator.Deploy.0 = Release|Any CPU
		{1D397ECC-7930-4FE2-8151-AC0893127E16}.AppStore|x64.ActiveCfg = Release|Any CPU
		{1D397ECC-7930-4FE2-8151-AC0893127E16}.AppStore|x64.Build.0 = Release|Any CPU
		{1D397ECC-7930-4FE2-8151-AC0893127E16}.AppStore|x64.Deploy.0 = Release|Any CPU
		{1D397ECC-7930-4FE2-8151-AC0893127E16}.AppStore|x86.ActiveCfg = Release|Any CPU
		{1D397ECC-7930-4FE2-8151-AC0893127E16}.AppStore|x86.Build.0 = Release|Any CPU
		{1D397ECC-7930-4FE2-8151-AC0893127E16}.AppStore|x86.Deploy.0 = Release|Any CPU
		{1D397ECC-7930-4FE2-8151-AC0893127E16}.Debug|Any CPU.ActiveCfg = Debug|Any CPU
		{1D397ECC-7930-4FE2-8151-AC0893127E16}.Debug|Any CPU.Build.0 = Debug|Any CPU
		{1D397ECC-7930-4FE2-8151-AC0893127E16}.Debug|Any CPU.Deploy.0 = Debug|Any CPU
		{1D397ECC-7930-4FE2-8151-AC0893127E16}.Debug|ARM.ActiveCfg = Debug|Any CPU
		{1D397ECC-7930-4FE2-8151-AC0893127E16}.Debug|ARM.Build.0 = Debug|Any CPU
		{1D397ECC-7930-4FE2-8151-AC0893127E16}.Debug|ARM.Deploy.0 = Debug|Any CPU
		{1D397ECC-7930-4FE2-8151-AC0893127E16}.Debug|iPhone.ActiveCfg = Debug|Any CPU
		{1D397ECC-7930-4FE2-8151-AC0893127E16}.Debug|iPhone.Build.0 = Debug|Any CPU
		{1D397ECC-7930-4FE2-8151-AC0893127E16}.Debug|iPhone.Deploy.0 = Debug|Any CPU
		{1D397ECC-7930-4FE2-8151-AC0893127E16}.Debug|iPhoneSimulator.ActiveCfg = Debug|Any CPU
		{1D397ECC-7930-4FE2-8151-AC0893127E16}.Debug|iPhoneSimulator.Build.0 = Debug|Any CPU
		{1D397ECC-7930-4FE2-8151-AC0893127E16}.Debug|iPhoneSimulator.Deploy.0 = Debug|Any CPU
		{1D397ECC-7930-4FE2-8151-AC0893127E16}.Debug|x64.ActiveCfg = Debug|Any CPU
		{1D397ECC-7930-4FE2-8151-AC0893127E16}.Debug|x64.Build.0 = Debug|Any CPU
		{1D397ECC-7930-4FE2-8151-AC0893127E16}.Debug|x64.Deploy.0 = Debug|Any CPU
		{1D397ECC-7930-4FE2-8151-AC0893127E16}.Debug|x86.ActiveCfg = Debug|Any CPU
		{1D397ECC-7930-4FE2-8151-AC0893127E16}.Debug|x86.Build.0 = Debug|Any CPU
		{1D397ECC-7930-4FE2-8151-AC0893127E16}.Debug|x86.Deploy.0 = Debug|Any CPU
		{1D397ECC-7930-4FE2-8151-AC0893127E16}.Release|Any CPU.ActiveCfg = Release|Any CPU
		{1D397ECC-7930-4FE2-8151-AC0893127E16}.Release|Any CPU.Build.0 = Release|Any CPU
		{1D397ECC-7930-4FE2-8151-AC0893127E16}.Release|Any CPU.Deploy.0 = Release|Any CPU
		{1D397ECC-7930-4FE2-8151-AC0893127E16}.Release|ARM.ActiveCfg = Release|Any CPU
		{1D397ECC-7930-4FE2-8151-AC0893127E16}.Release|ARM.Build.0 = Release|Any CPU
		{1D397ECC-7930-4FE2-8151-AC0893127E16}.Release|ARM.Deploy.0 = Release|Any CPU
		{1D397ECC-7930-4FE2-8151-AC0893127E16}.Release|iPhone.ActiveCfg = Release|Any CPU
		{1D397ECC-7930-4FE2-8151-AC0893127E16}.Release|iPhone.Build.0 = Release|Any CPU
		{1D397ECC-7930-4FE2-8151-AC0893127E16}.Release|iPhone.Deploy.0 = Release|Any CPU
		{1D397ECC-7930-4FE2-8151-AC0893127E16}.Release|iPhoneSimulator.ActiveCfg = Release|Any CPU
		{1D397ECC-7930-4FE2-8151-AC0893127E16}.Release|iPhoneSimulator.Build.0 = Release|Any CPU
		{1D397ECC-7930-4FE2-8151-AC0893127E16}.Release|iPhoneSimulator.Deploy.0 = Release|Any CPU
		{1D397ECC-7930-4FE2-8151-AC0893127E16}.Release|x64.ActiveCfg = Release|Any CPU
		{1D397ECC-7930-4FE2-8151-AC0893127E16}.Release|x64.Build.0 = Release|Any CPU
		{1D397ECC-7930-4FE2-8151-AC0893127E16}.Release|x64.Deploy.0 = Release|Any CPU
		{1D397ECC-7930-4FE2-8151-AC0893127E16}.Release|x86.ActiveCfg = Release|Any CPU
		{1D397ECC-7930-4FE2-8151-AC0893127E16}.Release|x86.Build.0 = Release|Any CPU
		{1D397ECC-7930-4FE2-8151-AC0893127E16}.Release|x86.Deploy.0 = Release|Any CPU
		{FFBFE432-3B01-43D9-972E-888B2B0D0BC3}.Ad-Hoc|Any CPU.ActiveCfg = Ad-Hoc|iPhone
		{FFBFE432-3B01-43D9-972E-888B2B0D0BC3}.Ad-Hoc|Any CPU.Build.0 = Ad-Hoc|iPhone
		{FFBFE432-3B01-43D9-972E-888B2B0D0BC3}.Ad-Hoc|Any CPU.Deploy.0 = Ad-Hoc|iPhone
		{FFBFE432-3B01-43D9-972E-888B2B0D0BC3}.Ad-Hoc|ARM.ActiveCfg = Ad-Hoc|iPhone
		{FFBFE432-3B01-43D9-972E-888B2B0D0BC3}.Ad-Hoc|ARM.Build.0 = Ad-Hoc|iPhone
		{FFBFE432-3B01-43D9-972E-888B2B0D0BC3}.Ad-Hoc|ARM.Deploy.0 = Ad-Hoc|iPhone
		{FFBFE432-3B01-43D9-972E-888B2B0D0BC3}.Ad-Hoc|iPhone.ActiveCfg = Ad-Hoc|iPhone
		{FFBFE432-3B01-43D9-972E-888B2B0D0BC3}.Ad-Hoc|iPhone.Build.0 = Ad-Hoc|iPhone
		{FFBFE432-3B01-43D9-972E-888B2B0D0BC3}.Ad-Hoc|iPhone.Deploy.0 = Ad-Hoc|iPhone
		{FFBFE432-3B01-43D9-972E-888B2B0D0BC3}.Ad-Hoc|iPhoneSimulator.ActiveCfg = Ad-Hoc|iPhoneSimulator
		{FFBFE432-3B01-43D9-972E-888B2B0D0BC3}.Ad-Hoc|iPhoneSimulator.Build.0 = Ad-Hoc|iPhoneSimulator
		{FFBFE432-3B01-43D9-972E-888B2B0D0BC3}.Ad-Hoc|iPhoneSimulator.Deploy.0 = Ad-Hoc|iPhoneSimulator
		{FFBFE432-3B01-43D9-972E-888B2B0D0BC3}.Ad-Hoc|x64.ActiveCfg = Ad-Hoc|iPhone
		{FFBFE432-3B01-43D9-972E-888B2B0D0BC3}.Ad-Hoc|x64.Build.0 = Ad-Hoc|iPhone
		{FFBFE432-3B01-43D9-972E-888B2B0D0BC3}.Ad-Hoc|x64.Deploy.0 = Ad-Hoc|iPhone
		{FFBFE432-3B01-43D9-972E-888B2B0D0BC3}.Ad-Hoc|x86.ActiveCfg = Ad-Hoc|iPhone
		{FFBFE432-3B01-43D9-972E-888B2B0D0BC3}.Ad-Hoc|x86.Build.0 = Ad-Hoc|iPhone
		{FFBFE432-3B01-43D9-972E-888B2B0D0BC3}.Ad-Hoc|x86.Deploy.0 = Ad-Hoc|iPhone
		{FFBFE432-3B01-43D9-972E-888B2B0D0BC3}.AppStore|Any CPU.ActiveCfg = AppStore|iPhone
		{FFBFE432-3B01-43D9-972E-888B2B0D0BC3}.AppStore|Any CPU.Build.0 = AppStore|iPhone
		{FFBFE432-3B01-43D9-972E-888B2B0D0BC3}.AppStore|Any CPU.Deploy.0 = AppStore|iPhone
		{FFBFE432-3B01-43D9-972E-888B2B0D0BC3}.AppStore|ARM.ActiveCfg = AppStore|iPhone
		{FFBFE432-3B01-43D9-972E-888B2B0D0BC3}.AppStore|ARM.Build.0 = AppStore|iPhone
		{FFBFE432-3B01-43D9-972E-888B2B0D0BC3}.AppStore|ARM.Deploy.0 = AppStore|iPhone
		{FFBFE432-3B01-43D9-972E-888B2B0D0BC3}.AppStore|iPhone.ActiveCfg = AppStore|iPhone
		{FFBFE432-3B01-43D9-972E-888B2B0D0BC3}.AppStore|iPhone.Build.0 = AppStore|iPhone
		{FFBFE432-3B01-43D9-972E-888B2B0D0BC3}.AppStore|iPhone.Deploy.0 = AppStore|iPhone
		{FFBFE432-3B01-43D9-972E-888B2B0D0BC3}.AppStore|iPhoneSimulator.ActiveCfg = AppStore|iPhoneSimulator
		{FFBFE432-3B01-43D9-972E-888B2B0D0BC3}.AppStore|iPhoneSimulator.Build.0 = AppStore|iPhoneSimulator
		{FFBFE432-3B01-43D9-972E-888B2B0D0BC3}.AppStore|iPhoneSimulator.Deploy.0 = AppStore|iPhoneSimulator
		{FFBFE432-3B01-43D9-972E-888B2B0D0BC3}.AppStore|x64.ActiveCfg = AppStore|iPhone
		{FFBFE432-3B01-43D9-972E-888B2B0D0BC3}.AppStore|x64.Build.0 = AppStore|iPhone
		{FFBFE432-3B01-43D9-972E-888B2B0D0BC3}.AppStore|x64.Deploy.0 = AppStore|iPhone
		{FFBFE432-3B01-43D9-972E-888B2B0D0BC3}.AppStore|x86.ActiveCfg = AppStore|iPhone
		{FFBFE432-3B01-43D9-972E-888B2B0D0BC3}.AppStore|x86.Build.0 = AppStore|iPhone
		{FFBFE432-3B01-43D9-972E-888B2B0D0BC3}.AppStore|x86.Deploy.0 = AppStore|iPhone
		{FFBFE432-3B01-43D9-972E-888B2B0D0BC3}.Debug|Any CPU.ActiveCfg = Debug|iPhoneSimulator
		{FFBFE432-3B01-43D9-972E-888B2B0D0BC3}.Debug|Any CPU.Build.0 = Debug|iPhoneSimulator
		{FFBFE432-3B01-43D9-972E-888B2B0D0BC3}.Debug|Any CPU.Deploy.0 = Debug|iPhoneSimulator
		{FFBFE432-3B01-43D9-972E-888B2B0D0BC3}.Debug|ARM.ActiveCfg = Debug|iPhone
		{FFBFE432-3B01-43D9-972E-888B2B0D0BC3}.Debug|ARM.Build.0 = Debug|iPhone
		{FFBFE432-3B01-43D9-972E-888B2B0D0BC3}.Debug|ARM.Deploy.0 = Debug|iPhone
		{FFBFE432-3B01-43D9-972E-888B2B0D0BC3}.Debug|iPhone.ActiveCfg = Debug|iPhone
		{FFBFE432-3B01-43D9-972E-888B2B0D0BC3}.Debug|iPhone.Build.0 = Debug|iPhone
		{FFBFE432-3B01-43D9-972E-888B2B0D0BC3}.Debug|iPhone.Deploy.0 = Debug|iPhone
		{FFBFE432-3B01-43D9-972E-888B2B0D0BC3}.Debug|iPhoneSimulator.ActiveCfg = Debug|iPhoneSimulator
		{FFBFE432-3B01-43D9-972E-888B2B0D0BC3}.Debug|iPhoneSimulator.Build.0 = Debug|iPhoneSimulator
		{FFBFE432-3B01-43D9-972E-888B2B0D0BC3}.Debug|iPhoneSimulator.Deploy.0 = Debug|iPhoneSimulator
		{FFBFE432-3B01-43D9-972E-888B2B0D0BC3}.Debug|x64.ActiveCfg = Debug|iPhone
		{FFBFE432-3B01-43D9-972E-888B2B0D0BC3}.Debug|x64.Build.0 = Debug|iPhone
		{FFBFE432-3B01-43D9-972E-888B2B0D0BC3}.Debug|x64.Deploy.0 = Debug|iPhone
		{FFBFE432-3B01-43D9-972E-888B2B0D0BC3}.Debug|x86.ActiveCfg = Debug|iPhone
		{FFBFE432-3B01-43D9-972E-888B2B0D0BC3}.Debug|x86.Build.0 = Debug|iPhone
		{FFBFE432-3B01-43D9-972E-888B2B0D0BC3}.Debug|x86.Deploy.0 = Debug|iPhone
		{FFBFE432-3B01-43D9-972E-888B2B0D0BC3}.Release|Any CPU.ActiveCfg = Release|iPhone
		{FFBFE432-3B01-43D9-972E-888B2B0D0BC3}.Release|Any CPU.Build.0 = Release|iPhone
		{FFBFE432-3B01-43D9-972E-888B2B0D0BC3}.Release|Any CPU.Deploy.0 = Release|iPhone
		{FFBFE432-3B01-43D9-972E-888B2B0D0BC3}.Release|ARM.ActiveCfg = Release|iPhone
		{FFBFE432-3B01-43D9-972E-888B2B0D0BC3}.Release|ARM.Build.0 = Release|iPhone
		{FFBFE432-3B01-43D9-972E-888B2B0D0BC3}.Release|ARM.Deploy.0 = Release|iPhone
		{FFBFE432-3B01-43D9-972E-888B2B0D0BC3}.Release|iPhone.ActiveCfg = Release|iPhone
		{FFBFE432-3B01-43D9-972E-888B2B0D0BC3}.Release|iPhone.Build.0 = Release|iPhone
		{FFBFE432-3B01-43D9-972E-888B2B0D0BC3}.Release|iPhone.Deploy.0 = Release|iPhone
		{FFBFE432-3B01-43D9-972E-888B2B0D0BC3}.Release|iPhoneSimulator.ActiveCfg = Release|iPhoneSimulator
		{FFBFE432-3B01-43D9-972E-888B2B0D0BC3}.Release|iPhoneSimulator.Build.0 = Release|iPhoneSimulator
		{FFBFE432-3B01-43D9-972E-888B2B0D0BC3}.Release|iPhoneSimulator.Deploy.0 = Release|iPhoneSimulator
		{FFBFE432-3B01-43D9-972E-888B2B0D0BC3}.Release|x64.ActiveCfg = Release|iPhone
		{FFBFE432-3B01-43D9-972E-888B2B0D0BC3}.Release|x64.Build.0 = Release|iPhone
		{FFBFE432-3B01-43D9-972E-888B2B0D0BC3}.Release|x64.Deploy.0 = Release|iPhone
		{FFBFE432-3B01-43D9-972E-888B2B0D0BC3}.Release|x86.ActiveCfg = Release|iPhone
		{FFBFE432-3B01-43D9-972E-888B2B0D0BC3}.Release|x86.Build.0 = Release|iPhone
		{FFBFE432-3B01-43D9-972E-888B2B0D0BC3}.Release|x86.Deploy.0 = Release|iPhone
		{91745AB9-A3A2-42C6-A00A-7C6918C9B0DC}.Ad-Hoc|Any CPU.ActiveCfg = Release|x86
		{91745AB9-A3A2-42C6-A00A-7C6918C9B0DC}.Ad-Hoc|Any CPU.Build.0 = Release|x86
		{91745AB9-A3A2-42C6-A00A-7C6918C9B0DC}.Ad-Hoc|Any CPU.Deploy.0 = Release|x86
		{91745AB9-A3A2-42C6-A00A-7C6918C9B0DC}.Ad-Hoc|ARM.ActiveCfg = Release|ARM
		{91745AB9-A3A2-42C6-A00A-7C6918C9B0DC}.Ad-Hoc|ARM.Build.0 = Release|ARM
		{91745AB9-A3A2-42C6-A00A-7C6918C9B0DC}.Ad-Hoc|ARM.Deploy.0 = Release|ARM
		{91745AB9-A3A2-42C6-A00A-7C6918C9B0DC}.Ad-Hoc|iPhone.ActiveCfg = Release|x86
		{91745AB9-A3A2-42C6-A00A-7C6918C9B0DC}.Ad-Hoc|iPhone.Build.0 = Release|x86
		{91745AB9-A3A2-42C6-A00A-7C6918C9B0DC}.Ad-Hoc|iPhone.Deploy.0 = Release|x86
		{91745AB9-A3A2-42C6-A00A-7C6918C9B0DC}.Ad-Hoc|iPhoneSimulator.ActiveCfg = Release|x86
		{91745AB9-A3A2-42C6-A00A-7C6918C9B0DC}.Ad-Hoc|iPhoneSimulator.Build.0 = Release|x86
		{91745AB9-A3A2-42C6-A00A-7C6918C9B0DC}.Ad-Hoc|iPhoneSimulator.Deploy.0 = Release|x86
		{91745AB9-A3A2-42C6-A00A-7C6918C9B0DC}.Ad-Hoc|x64.ActiveCfg = Release|x64
		{91745AB9-A3A2-42C6-A00A-7C6918C9B0DC}.Ad-Hoc|x64.Build.0 = Release|x64
		{91745AB9-A3A2-42C6-A00A-7C6918C9B0DC}.Ad-Hoc|x64.Deploy.0 = Release|x64
		{91745AB9-A3A2-42C6-A00A-7C6918C9B0DC}.Ad-Hoc|x86.ActiveCfg = Release|x86
		{91745AB9-A3A2-42C6-A00A-7C6918C9B0DC}.Ad-Hoc|x86.Build.0 = Release|x86
		{91745AB9-A3A2-42C6-A00A-7C6918C9B0DC}.Ad-Hoc|x86.Deploy.0 = Release|x86
		{91745AB9-A3A2-42C6-A00A-7C6918C9B0DC}.AppStore|Any CPU.ActiveCfg = Release|x86
		{91745AB9-A3A2-42C6-A00A-7C6918C9B0DC}.AppStore|Any CPU.Build.0 = Release|x86
		{91745AB9-A3A2-42C6-A00A-7C6918C9B0DC}.AppStore|Any CPU.Deploy.0 = Release|x86
		{91745AB9-A3A2-42C6-A00A-7C6918C9B0DC}.AppStore|ARM.ActiveCfg = Release|ARM
		{91745AB9-A3A2-42C6-A00A-7C6918C9B0DC}.AppStore|ARM.Build.0 = Release|ARM
		{91745AB9-A3A2-42C6-A00A-7C6918C9B0DC}.AppStore|ARM.Deploy.0 = Release|ARM
		{91745AB9-A3A2-42C6-A00A-7C6918C9B0DC}.AppStore|iPhone.ActiveCfg = Release|x86
		{91745AB9-A3A2-42C6-A00A-7C6918C9B0DC}.AppStore|iPhone.Build.0 = Release|x86
		{91745AB9-A3A2-42C6-A00A-7C6918C9B0DC}.AppStore|iPhone.Deploy.0 = Release|x86
		{91745AB9-A3A2-42C6-A00A-7C6918C9B0DC}.AppStore|iPhoneSimulator.ActiveCfg = Release|x86
		{91745AB9-A3A2-42C6-A00A-7C6918C9B0DC}.AppStore|iPhoneSimulator.Build.0 = Release|x86
		{91745AB9-A3A2-42C6-A00A-7C6918C9B0DC}.AppStore|iPhoneSimulator.Deploy.0 = Release|x86
		{91745AB9-A3A2-42C6-A00A-7C6918C9B0DC}.AppStore|x64.ActiveCfg = Release|x64
		{91745AB9-A3A2-42C6-A00A-7C6918C9B0DC}.AppStore|x64.Build.0 = Release|x64
		{91745AB9-A3A2-42C6-A00A-7C6918C9B0DC}.AppStore|x64.Deploy.0 = Release|x64
		{91745AB9-A3A2-42C6-A00A-7C6918C9B0DC}.AppStore|x86.ActiveCfg = Release|x86
		{91745AB9-A3A2-42C6-A00A-7C6918C9B0DC}.AppStore|x86.Build.0 = Release|x86
		{91745AB9-A3A2-42C6-A00A-7C6918C9B0DC}.AppStore|x86.Deploy.0 = Release|x86
		{91745AB9-A3A2-42C6-A00A-7C6918C9B0DC}.Debug|Any CPU.ActiveCfg = Debug|x86
		{91745AB9-A3A2-42C6-A00A-7C6918C9B0DC}.Debug|Any CPU.Build.0 = Debug|x86
		{91745AB9-A3A2-42C6-A00A-7C6918C9B0DC}.Debug|Any CPU.Deploy.0 = Debug|x86
		{91745AB9-A3A2-42C6-A00A-7C6918C9B0DC}.Debug|ARM.ActiveCfg = Debug|ARM
		{91745AB9-A3A2-42C6-A00A-7C6918C9B0DC}.Debug|ARM.Build.0 = Debug|ARM
		{91745AB9-A3A2-42C6-A00A-7C6918C9B0DC}.Debug|ARM.Deploy.0 = Debug|ARM
		{91745AB9-A3A2-42C6-A00A-7C6918C9B0DC}.Debug|iPhone.ActiveCfg = Debug|x86
		{91745AB9-A3A2-42C6-A00A-7C6918C9B0DC}.Debug|iPhone.Build.0 = Debug|x86
		{91745AB9-A3A2-42C6-A00A-7C6918C9B0DC}.Debug|iPhone.Deploy.0 = Debug|x86
		{91745AB9-A3A2-42C6-A00A-7C6918C9B0DC}.Debug|iPhoneSimulator.ActiveCfg = Debug|x86
		{91745AB9-A3A2-42C6-A00A-7C6918C9B0DC}.Debug|iPhoneSimulator.Build.0 = Debug|x86
		{91745AB9-A3A2-42C6-A00A-7C6918C9B0DC}.Debug|iPhoneSimulator.Deploy.0 = Debug|x86
		{91745AB9-A3A2-42C6-A00A-7C6918C9B0DC}.Debug|x64.ActiveCfg = Debug|x64
		{91745AB9-A3A2-42C6-A00A-7C6918C9B0DC}.Debug|x64.Build.0 = Debug|x64
		{91745AB9-A3A2-42C6-A00A-7C6918C9B0DC}.Debug|x64.Deploy.0 = Debug|x64
		{91745AB9-A3A2-42C6-A00A-7C6918C9B0DC}.Debug|x86.ActiveCfg = Debug|x86
		{91745AB9-A3A2-42C6-A00A-7C6918C9B0DC}.Debug|x86.Build.0 = Debug|x86
		{91745AB9-A3A2-42C6-A00A-7C6918C9B0DC}.Debug|x86.Deploy.0 = Debug|x86
		{91745AB9-A3A2-42C6-A00A-7C6918C9B0DC}.Release|Any CPU.ActiveCfg = Release|x86
		{91745AB9-A3A2-42C6-A00A-7C6918C9B0DC}.Release|Any CPU.Build.0 = Release|x86
		{91745AB9-A3A2-42C6-A00A-7C6918C9B0DC}.Release|Any CPU.Deploy.0 = Release|x86
		{91745AB9-A3A2-42C6-A00A-7C6918C9B0DC}.Release|ARM.ActiveCfg = Release|ARM
		{91745AB9-A3A2-42C6-A00A-7C6918C9B0DC}.Release|ARM.Build.0 = Release|ARM
		{91745AB9-A3A2-42C6-A00A-7C6918C9B0DC}.Release|ARM.Deploy.0 = Release|ARM
		{91745AB9-A3A2-42C6-A00A-7C6918C9B0DC}.Release|iPhone.ActiveCfg = Release|x86
		{91745AB9-A3A2-42C6-A00A-7C6918C9B0DC}.Release|iPhone.Build.0 = Release|x86
		{91745AB9-A3A2-42C6-A00A-7C6918C9B0DC}.Release|iPhone.Deploy.0 = Release|x86
		{91745AB9-A3A2-42C6-A00A-7C6918C9B0DC}.Release|iPhoneSimulator.ActiveCfg = Release|x86
		{91745AB9-A3A2-42C6-A00A-7C6918C9B0DC}.Release|iPhoneSimulator.Build.0 = Release|x86
		{91745AB9-A3A2-42C6-A00A-7C6918C9B0DC}.Release|iPhoneSimulator.Deploy.0 = Release|x86
		{91745AB9-A3A2-42C6-A00A-7C6918C9B0DC}.Release|x64.ActiveCfg = Release|x64
		{91745AB9-A3A2-42C6-A00A-7C6918C9B0DC}.Release|x64.Build.0 = Release|x64
		{91745AB9-A3A2-42C6-A00A-7C6918C9B0DC}.Release|x64.Deploy.0 = Release|x64
		{91745AB9-A3A2-42C6-A00A-7C6918C9B0DC}.Release|x86.ActiveCfg = Release|x86
		{91745AB9-A3A2-42C6-A00A-7C6918C9B0DC}.Release|x86.Build.0 = Release|x86
		{91745AB9-A3A2-42C6-A00A-7C6918C9B0DC}.Release|x86.Deploy.0 = Release|x86
	EndGlobalSection
	GlobalSection(SolutionProperties) = preSolution
		HideSolutionNode = FALSE
	EndGlobalSection
	GlobalSection(ExtensibilityGlobals) = postSolution
		SolutionGuid = {8EC5D004-F5BF-4AD9-BDFC-5DDEA7B532C1}
	EndGlobalSection
EndGlobal
